{
    "version": 3,
    "terraform_version": "0.8.5",
    "serial": 88,
    "lineage": "3235f4ca-c82a-43c2-9333-4a353cf6c7da",
    "modules": [
        {
            "path": [
                "root"
            ],
            "outputs": {},
            "resources": {
                "openstack_compute_instance_v2.test-network": {
                    "type": "openstack_compute_instance_v2",
                    "depends_on": [
                        "openstack_compute_keypair_v2.my_keypair",
                        "openstack_compute_secgroup_v2.terraform",
                        "openstack_networking_network_v2.network_1"
                    ],
                    "primary": {
                        "id": "69481552-322c-466f-b50c-54b9ab9933ae",
                        "attributes": {
                            "access_ip_v4": "84.39.49.19",
                            "access_ip_v6": "",
                            "flavor_id": "16",
                            "flavor_name": "t1.cw.tiny",
                            "floating_ip": "84.39.49.19",
                            "id": "69481552-322c-466f-b50c-54b9ab9933ae",
                            "image_id": "185e1975-c9c5-4358-909e-5e329808902e",
                            "image_name": "Debian Jessie",
                            "key_pair": "my_keypair",
                            "metadata.%": "0",
                            "name": "test-network",
                            "network.#": "1",
                            "network.0.access_network": "false",
                            "network.0.fixed_ip_v4": "192.168.0.2",
                            "network.0.fixed_ip_v6": "",
                            "network.0.floating_ip": "84.39.49.19",
                            "network.0.mac": "02:c4:a0:a0:91:97",
                            "network.0.name": "resTerraform",
                            "network.0.port": "",
                            "network.0.uuid": "abfcb946-61f5-4f13-bbb6-71e87d2da24c",
                            "region": "fr1",
                            "security_groups.#": "1",
                            "security_groups.969816526": "terraform",
                            "stop_before_destroy": "false",
                            "volume.#": "0"
                        },
                        "meta": {},
                        "tainted": false
                    },
                    "deposed": [],
                    "provider": ""
                },
                "openstack_compute_instance_v2.vps.0": {
                    "type": "openstack_compute_instance_v2",
                    "depends_on": [
                        "openstack_compute_keypair_v2.my_keypair",
                        "openstack_compute_secgroup_v2.terraform",
                        "openstack_networking_network_v2.network_1"
                    ],
                    "primary": {
                        "id": "4112590e-ed20-4946-8206-2f65ac95a0d8",
                        "attributes": {
                            "access_ip_v4": "84.39.46.157",
                            "access_ip_v6": "",
                            "flavor_id": "16",
                            "flavor_name": "t1.cw.tiny",
                            "floating_ip": "84.39.46.157",
                            "id": "4112590e-ed20-4946-8206-2f65ac95a0d8",
                            "image_id": "185e1975-c9c5-4358-909e-5e329808902e",
                            "image_name": "Debian Jessie",
                            "key_pair": "my_keypair",
                            "metadata.%": "0",
                            "name": "vps-test-1",
                            "network.#": "1",
                            "network.0.access_network": "false",
                            "network.0.fixed_ip_v4": "192.168.0.11",
                            "network.0.fixed_ip_v6": "",
                            "network.0.floating_ip": "84.39.46.157",
                            "network.0.mac": "02:52:e8:37:92:7f",
                            "network.0.name": "resTerraform",
                            "network.0.port": "",
                            "network.0.uuid": "abfcb946-61f5-4f13-bbb6-71e87d2da24c",
                            "region": "fr1",
                            "security_groups.#": "1",
                            "security_groups.969816526": "terraform",
                            "stop_before_destroy": "false",
                            "volume.#": "0"
                        },
                        "meta": {},
                        "tainted": true
                    },
                    "deposed": [],
                    "provider": ""
                },
                "openstack_compute_keypair_v2.my_keypair": {
                    "type": "openstack_compute_keypair_v2",
                    "depends_on": [],
                    "primary": {
                        "id": "my_keypair",
                        "attributes": {
                            "id": "my_keypair",
                            "name": "my_keypair",
                            "public_key": "ssh-rsa AAAAB3NzaC1yc2EAAAADAQABAAABAQCoj+AJej+p324R08l8Y7trRweM+2OlmvGHIJNW6U7VWDS0jSFr3QJJQsBIJ1KLCxIP0alveWNqUMz4xbUBof8Ai8ULelN5Gk64EsRmkH2BncxsKkoraVYr0hBom+k6d7jyONZLYohtKrGyIRC5h2RfwypCDJkAjV10XpJWOsJCJkPPl+8vuLNRdyPQqx6iBiy7mwDDuF6oNW7CZK3HPe2n9geZSTtjE18FNvHvCTOITVWSnGdSPy2e89ahemM0B3ROoaogn76Xw0BeNrhUfywXyA4GaS4F1Y28uduvXIO8QRaIiIWRjhPH83wswjnPnDciPEg7/uAa/yZSy1SXFU5V",
                            "region": "fr1"
                        },
                        "meta": {},
                        "tainted": false
                    },
                    "deposed": [],
                    "provider": ""
                },
                "openstack_compute_secgroup_v2.terraform": {
                    "type": "openstack_compute_secgroup_v2",
                    "depends_on": [],
                    "primary": {
                        "id": "f0607c01-0ccb-417c-bd1c-8b7b6a060278",
                        "attributes": {
                            "description": "security group",
                            "id": "f0607c01-0ccb-417c-bd1c-8b7b6a060278",
                            "name": "terraform",
                            "region": "fr1",
                            "rule.#": "1",
                            "rule.836640770.cidr": "0.0.0.0/0",
                            "rule.836640770.from_group_id": "",
                            "rule.836640770.from_port": "22",
                            "rule.836640770.id": "085d96e2-87cf-45ff-af2b-9604e83a4f93",
                            "rule.836640770.ip_protocol": "tcp",
                            "rule.836640770.self": "false",
                            "rule.836640770.to_port": "22"
                        },
                        "meta": {},
                        "tainted": false
                    },
                    "deposed": [],
                    "provider": ""
                },
                "openstack_networking_network_v2.network_1": {
                    "type": "openstack_networking_network_v2",
                    "depends_on": [],
                    "primary": {
                        "id": "abfcb946-61f5-4f13-bbb6-71e87d2da24c",
                        "attributes": {
                            "admin_state_up": "true",
                            "id": "abfcb946-61f5-4f13-bbb6-71e87d2da24c",
                            "name": "resTerraform",
                            "region": "fr1",
                            "shared": "false",
                            "tenant_id": "54126a95359b4ad29eb8bac4d4f153c2"
                        },
                        "meta": {},
                        "tainted": false
                    },
                    "deposed": [],
                    "provider": ""
                },
                "openstack_networking_port_v2.port_1": {
                    "type": "openstack_networking_port_v2",
                    "depends_on": [
                        "openstack_networking_network_v2.network_1"
                    ],
                    "primary": {
                        "id": "9b589295-6755-4b71-af5b-1003bcb54a5a",
                        "attributes": {
                            "admin_state_up": "true",
                            "allowed_address_pairs.#": "0",
                            "device_id": "",
                            "device_owner": "",
                            "fixed_ip.#": "0",
                            "id": "9b589295-6755-4b71-af5b-1003bcb54a5a",
                            "mac_address": "02:9b:58:92:95:67",
                            "name": "port_1",
                            "network_id": "abfcb946-61f5-4f13-bbb6-71e87d2da24c",
                            "region": "fr1",
                            "security_group_ids.#": "1",
                            "security_group_ids.35955381": "9149adde-c0cf-438e-b773-9e89b20aaec1",
                            "tenant_id": "54126a95359b4ad29eb8bac4d4f153c2"
                        },
                        "meta": {},
                        "tainted": false
                    },
                    "deposed": [],
                    "provider": ""
                },
                "openstack_networking_router_interface_v2.int_1": {
                    "type": "openstack_networking_router_interface_v2",
                    "depends_on": [
                        "openstack_networking_router_v2.router_1",
                        "openstack_networking_subnet_v2.subnet_2"
                    ],
                    "primary": {
                        "id": "e41146d6-2839-42b9-ad6c-8bd4e8a6b9d8",
                        "attributes": {
                            "id": "e41146d6-2839-42b9-ad6c-8bd4e8a6b9d8",
                            "region": "fr1",
                            "router_id": "cce6d25c-d366-44e6-8165-316a06b25d55",
                            "subnet_id": "4d029857-266d-41d5-a1a0-1ee7fd7b0b98"
                        },
                        "meta": {},
                        "tainted": false
                    },
                    "deposed": [],
                    "provider": ""
                },
                "openstack_networking_router_v2.router_1": {
                    "type": "openstack_networking_router_v2",
                    "depends_on": [],
                    "primary": {
                        "id": "cce6d25c-d366-44e6-8165-316a06b25d55",
                        "attributes": {
                            "admin_state_up": "true",
                            "distributed": "false",
                            "external_gateway": "6ea98324-0f14-49f6-97c0-885d1b8dc517",
                            "id": "cce6d25c-d366-44e6-8165-316a06b25d55",
                            "name": "routerTerraform",
                            "region": "fr1",
                            "tenant_id": "54126a95359b4ad29eb8bac4d4f153c2"
                        },
                        "meta": {},
                        "tainted": false
                    },
                    "deposed": [],
                    "provider": ""
                },
                "openstack_networking_subnet_v2.subnet_2": {
                    "type": "openstack_networking_subnet_v2",
                    "depends_on": [
                        "openstack_networking_network_v2.network_1"
                    ],
                    "primary": {
                        "id": "4d029857-266d-41d5-a1a0-1ee7fd7b0b98",
                        "attributes": {
                            "allocation_pools.#": "1",
                            "allocation_pools.0.end": "192.168.0.254",
                            "allocation_pools.0.start": "192.168.0.2",
                            "cidr": "192.168.0.0/24",
                            "dns_nameservers.#": "0",
                            "enable_dhcp": "true",
                            "gateway_ip": "192.168.0.1",
                            "host_routes.#": "0",
                            "id": "4d029857-266d-41d5-a1a0-1ee7fd7b0b98",
                            "ip_version": "4",
                            "name": "SousRes_2",
                            "network_id": "abfcb946-61f5-4f13-bbb6-71e87d2da24c",
                            "region": "fr1",
                            "tenant_id": "54126a95359b4ad29eb8bac4d4f153c2"
                        },
                        "meta": {},
                        "tainted": false
                    },
                    "deposed": [],
                    "provider": ""
                }
            },
            "depends_on": []
        }
    ]
}
