{
    "version": 3,
    "terraform_version": "0.8.5",
    "serial": 41,
    "lineage": "b0ab8f1a-9208-42b9-b473-2a3c5c6008eb",
    "modules": [
        {
            "path": [
                "root"
            ],
            "outputs": {},
            "resources": {
                "openstack_compute_floatingip_v2.terraform.0": {
                    "type": "openstack_compute_floatingip_v2",
                    "depends_on": [],
                    "primary": {
                        "id": "2f5504da-2f2f-49fd-941b-f5015c8747d5",
                        "attributes": {
                            "address": "84.39.37.213",
                            "fixed_ip": "192.168.0.11",
                            "id": "2f5504da-2f2f-49fd-941b-f5015c8747d5",
                            "instance_id": "76b7dcd2-1f5c-4946-9be9-af702fc0b3d3",
                            "pool": "public",
                            "region": "fr1"
                        },
                        "meta": {},
                        "tainted": false
                    },
                    "deposed": [],
                    "provider": ""
                },
                "openstack_compute_floatingip_v2.terraform.1": {
                    "type": "openstack_compute_floatingip_v2",
                    "depends_on": [],
                    "primary": {
                        "id": "6fbeff7c-511a-4817-baf4-ce8e89c9ef2a",
                        "attributes": {
                            "address": "84.39.36.21",
                            "fixed_ip": "192.168.0.12",
                            "id": "6fbeff7c-511a-4817-baf4-ce8e89c9ef2a",
                            "instance_id": "8cd2b300-44b9-43c3-8d00-86f144553b4a",
                            "pool": "public",
                            "region": "fr1"
                        },
                        "meta": {},
                        "tainted": false
                    },
                    "deposed": [],
                    "provider": ""
                },
                "openstack_compute_floatingip_v2.terraform.2": {
                    "type": "openstack_compute_floatingip_v2",
                    "depends_on": [],
                    "primary": {
                        "id": "4f5254fc-ec26-4295-9d3a-5eb4c0824a76",
                        "attributes": {
                            "address": "84.39.35.130",
                            "fixed_ip": "192.168.0.13",
                            "id": "4f5254fc-ec26-4295-9d3a-5eb4c0824a76",
                            "instance_id": "2d7838b3-89e2-48eb-921a-74a632ba0cde",
                            "pool": "public",
                            "region": "fr1"
                        },
                        "meta": {},
                        "tainted": false
                    },
                    "deposed": [],
                    "provider": ""
                },
                "openstack_compute_instance_v2.test-network": {
                    "type": "openstack_compute_instance_v2",
                    "depends_on": [
                        "openstack_compute_secgroup_v2.terraform",
                        "openstack_networking_network_v2.network_1"
                    ],
                    "primary": {
                        "id": "5ef2af06-2ea8-4b7f-ac88-279a759abd76",
                        "attributes": {
                            "access_ip_v4": "192.168.0.2",
                            "access_ip_v6": "",
                            "flavor_id": "16",
                            "flavor_name": "t1.cw.tiny",
                            "id": "5ef2af06-2ea8-4b7f-ac88-279a759abd76",
                            "image_id": "185e1975-c9c5-4358-909e-5e329808902e",
                            "image_name": "Debian Jessie",
                            "key_pair": "my_keypair",
                            "metadata.%": "0",
                            "name": "test1-network",
                            "network.#": "1",
                            "network.0.access_network": "false",
                            "network.0.fixed_ip_v4": "192.168.0.2",
                            "network.0.fixed_ip_v6": "",
                            "network.0.floating_ip": "",
                            "network.0.mac": "02:94:37:2c:6f:a8",
                            "network.0.name": "resPriv2",
                            "network.0.port": "",
                            "network.0.uuid": "b6d0a27e-9f77-4a5f-a5bf-cf6aa4f8b607",
                            "region": "fr1",
                            "security_groups.#": "0",
                            "stop_before_destroy": "false",
                            "volume.#": "0"
                        },
                        "meta": {},
                        "tainted": false
                    },
                    "deposed": [],
                    "provider": ""
                },
                "openstack_compute_instance_v2.vps.0": {
                    "type": "openstack_compute_instance_v2",
                    "depends_on": [
                        "openstack_compute_floatingip_v2.terraform",
                        "openstack_compute_secgroup_v2.terraform",
                        "openstack_networking_network_v2.network_1"
                    ],
                    "primary": {
                        "id": "76b7dcd2-1f5c-4946-9be9-af702fc0b3d3",
                        "attributes": {
                            "access_ip_v4": "84.39.37.213",
                            "access_ip_v6": "",
                            "flavor_id": "16",
                            "flavor_name": "t1.cw.tiny",
                            "floating_ip": "84.39.37.213",
                            "id": "76b7dcd2-1f5c-4946-9be9-af702fc0b3d3",
                            "image_id": "185e1975-c9c5-4358-909e-5e329808902e",
                            "image_name": "Debian Jessie",
                            "key_pair": "my_keypair",
                            "metadata.%": "0",
                            "name": "vps1-test-1",
                            "network.#": "1",
                            "network.0.access_network": "false",
                            "network.0.fixed_ip_v4": "192.168.0.11",
                            "network.0.fixed_ip_v6": "",
                            "network.0.floating_ip": "84.39.37.213",
                            "network.0.mac": "02:48:b9:8b:98:4b",
                            "network.0.name": "resPriv2",
                            "network.0.port": "",
                            "network.0.uuid": "b6d0a27e-9f77-4a5f-a5bf-cf6aa4f8b607",
                            "region": "fr1",
                            "security_groups.#": "0",
                            "stop_before_destroy": "false",
                            "volume.#": "0"
                        },
                        "meta": {},
                        "tainted": false
                    },
                    "deposed": [],
                    "provider": ""
                },
                "openstack_compute_instance_v2.vps.1": {
                    "type": "openstack_compute_instance_v2",
                    "depends_on": [
                        "openstack_compute_floatingip_v2.terraform",
                        "openstack_compute_secgroup_v2.terraform",
                        "openstack_networking_network_v2.network_1"
                    ],
                    "primary": {
                        "id": "8cd2b300-44b9-43c3-8d00-86f144553b4a",
                        "attributes": {
                            "access_ip_v4": "84.39.36.21",
                            "access_ip_v6": "",
                            "flavor_id": "16",
                            "flavor_name": "t1.cw.tiny",
                            "floating_ip": "84.39.36.21",
                            "id": "8cd2b300-44b9-43c3-8d00-86f144553b4a",
                            "image_id": "185e1975-c9c5-4358-909e-5e329808902e",
                            "image_name": "Debian Jessie",
                            "key_pair": "my_keypair",
                            "metadata.%": "0",
                            "name": "vps1-test-2",
                            "network.#": "1",
                            "network.0.access_network": "false",
                            "network.0.fixed_ip_v4": "192.168.0.12",
                            "network.0.fixed_ip_v6": "",
                            "network.0.floating_ip": "84.39.36.21",
                            "network.0.mac": "02:4a:20:2e:8c:81",
                            "network.0.name": "resPriv2",
                            "network.0.port": "",
                            "network.0.uuid": "b6d0a27e-9f77-4a5f-a5bf-cf6aa4f8b607",
                            "region": "fr1",
                            "security_groups.#": "0",
                            "stop_before_destroy": "false",
                            "volume.#": "0"
                        },
                        "meta": {},
                        "tainted": false
                    },
                    "deposed": [],
                    "provider": ""
                },
                "openstack_compute_instance_v2.vps.2": {
                    "type": "openstack_compute_instance_v2",
                    "depends_on": [
                        "openstack_compute_floatingip_v2.terraform",
                        "openstack_compute_secgroup_v2.terraform",
                        "openstack_networking_network_v2.network_1"
                    ],
                    "primary": {
                        "id": "2d7838b3-89e2-48eb-921a-74a632ba0cde",
                        "attributes": {
                            "access_ip_v4": "84.39.35.130",
                            "access_ip_v6": "",
                            "flavor_id": "16",
                            "flavor_name": "t1.cw.tiny",
                            "floating_ip": "84.39.35.130",
                            "id": "2d7838b3-89e2-48eb-921a-74a632ba0cde",
                            "image_id": "185e1975-c9c5-4358-909e-5e329808902e",
                            "image_name": "Debian Jessie",
                            "key_pair": "my_keypair",
                            "metadata.%": "0",
                            "name": "vps1-test-3",
                            "network.#": "1",
                            "network.0.access_network": "false",
                            "network.0.fixed_ip_v4": "192.168.0.13",
                            "network.0.fixed_ip_v6": "",
                            "network.0.floating_ip": "84.39.35.130",
                            "network.0.mac": "02:67:8c:a8:a7:f2",
                            "network.0.name": "resPriv2",
                            "network.0.port": "",
                            "network.0.uuid": "b6d0a27e-9f77-4a5f-a5bf-cf6aa4f8b607",
                            "region": "fr1",
                            "security_groups.#": "1",
                            "security_groups.969816526": "terraform",
                            "stop_before_destroy": "false",
                            "volume.#": "0"
                        },
                        "meta": {},
                        "tainted": false
                    },
                    "deposed": [],
                    "provider": ""
                },
                "openstack_compute_keypair_v2.gpenaud_keypair": {
                    "type": "openstack_compute_keypair_v2",
                    "depends_on": [],
                    "primary": {
                        "id": "gpenaud_keypair",
                        "attributes": {
                            "id": "gpenaud_keypair",
                            "name": "gpenaud_keypair",
                            "public_key": "ssh-rsa AAAAB3NzaC1yc2EAAAADAQABAAABAQDDFT5/uasZQOLO5nkE0KJgdP3RJDfrItvdv0lBmU/cJUyd3LjSEAGMHfuJvGOWv8V2LinMEOahfjas43/eVZ5jmB0j+CRARmgdK9VaGERKTyoW+NsGMDkP9AfOxRAAmCU3/0Uq7DmE+VhGkqGCOP2bFNcYXdYGzcdII3Jx/WZuxPjnV1tZEqgr1Spj4ayA6uycVYZtnwM7qw0ydLD3CpC+RZEJcd/8PNXFXbkNKP3RKQoRGBw17lYEvadO28xWwjDdCi5lFxSzeucdbVIiQf77e1/A7Vouvh0isRJ/Znm2qER4rBJ2+bqV4y2oIu63vpicC9x7+L0U7moxAxea8313 gpenaud@xilopix.com",
                            "region": "fr1"
                        },
                        "meta": {},
                        "tainted": false
                    },
                    "deposed": [],
                    "provider": ""
                },
                "openstack_compute_keypair_v2.my_keypair": {
                    "type": "openstack_compute_keypair_v2",
                    "depends_on": [],
                    "primary": {
                        "id": "my_keypair",
                        "attributes": {
                            "id": "my_keypair",
                            "name": "my_keypair",
                            "public_key": "ssh-rsa AAAAB3NzaC1yc2EAAAADAQABAAABAQCqeLXAOL0FH5dlum4YkfJ4eAVtF85456yivCDdn+naRSD55GIhUEAAJPDrkgyB1+XVQszqzuRs8SBw42olDbJWuoMegd72b3eKSt9ffTO5eFGSf2yFSDnsv+GP8Z9wGPCfCK0/ih6GUEKALkOxmg4chLpjkQGDlzHQEuaQraJonxATC0B0N7Azpp4FQ6rQX9imCd+xbETXnr6PekyAWPf3pQa9SjkvN8JpJWWb1Ind+7mtaszWkZPNcrC+K3DmzK4VRUx0t5Cl5EAKDJXrUKEtXCi/32zSaEZDpYQB+NkusFqp0CkdAF9/9V8+08kDYLH6up1S5ZwykRnZozp5JZzF",
                            "region": "fr1"
                        },
                        "meta": {},
                        "tainted": false
                    },
                    "deposed": [],
                    "provider": ""
                },
                "openstack_compute_secgroup_v2.terraform": {
                    "type": "openstack_compute_secgroup_v2",
                    "depends_on": [],
                    "primary": {
                        "id": "c41c804a-a1a5-48bd-ba84-39ef9ff92936",
                        "attributes": {
                            "description": "security group",
                            "id": "c41c804a-a1a5-48bd-ba84-39ef9ff92936",
                            "name": "terraform",
                            "region": "fr1",
                            "rule.#": "1",
                            "rule.836640770.cidr": "0.0.0.0/0",
                            "rule.836640770.from_group_id": "",
                            "rule.836640770.from_port": "22",
                            "rule.836640770.id": "f488cf2a-5461-415e-b535-79ad3099a68a",
                            "rule.836640770.ip_protocol": "tcp",
                            "rule.836640770.self": "false",
                            "rule.836640770.to_port": "22"
                        },
                        "meta": {},
                        "tainted": false
                    },
                    "deposed": [],
                    "provider": ""
                },
                "openstack_networking_network_v2.network_1": {
                    "type": "openstack_networking_network_v2",
                    "depends_on": [],
                    "primary": {
                        "id": "b6d0a27e-9f77-4a5f-a5bf-cf6aa4f8b607",
                        "attributes": {
                            "admin_state_up": "true",
                            "id": "b6d0a27e-9f77-4a5f-a5bf-cf6aa4f8b607",
                            "name": "resPriv2",
                            "region": "fr1",
                            "shared": "false",
                            "tenant_id": "54126a95359b4ad29eb8bac4d4f153c2"
                        },
                        "meta": {},
                        "tainted": false
                    },
                    "deposed": [],
                    "provider": ""
                },
                "openstack_networking_port_v2.port_4": {
                    "type": "openstack_networking_port_v2",
                    "depends_on": [
                        "openstack_networking_network_v2.network_1"
                    ],
                    "primary": {
                        "id": "466a5b1e-7720-48c3-b834-5dec303d54de",
                        "attributes": {
                            "admin_state_up": "true",
                            "allowed_address_pairs.#": "0",
                            "device_id": "",
                            "device_owner": "",
                            "fixed_ip.#": "0",
                            "id": "466a5b1e-7720-48c3-b834-5dec303d54de",
                            "mac_address": "02:46:6a:5b:1e:77",
                            "name": "port_4",
                            "network_id": "b6d0a27e-9f77-4a5f-a5bf-cf6aa4f8b607",
                            "region": "fr1",
                            "security_group_ids.#": "1",
                            "security_group_ids.35955381": "9149adde-c0cf-438e-b773-9e89b20aaec1",
                            "tenant_id": "54126a95359b4ad29eb8bac4d4f153c2"
                        },
                        "meta": {},
                        "tainted": false
                    },
                    "deposed": [],
                    "provider": ""
                },
                "openstack_networking_router_interface_v2.int_1": {
                    "type": "openstack_networking_router_interface_v2",
                    "depends_on": [
                        "openstack_networking_router_v2.router_1",
                        "openstack_networking_subnet_v2.subnet_2"
                    ],
                    "primary": {
                        "id": "ad4d4e98-d084-474e-b5cd-4753e3e0a371",
                        "attributes": {
                            "id": "ad4d4e98-d084-474e-b5cd-4753e3e0a371",
                            "region": "fr1",
                            "router_id": "600a4926-df7d-4a60-a18b-3ad7eb1a81c2",
                            "subnet_id": "6007cfb9-c401-4e4b-bfd0-c327712e041d"
                        },
                        "meta": {},
                        "tainted": false
                    },
                    "deposed": [],
                    "provider": ""
                },
                "openstack_networking_router_v2.router_1": {
                    "type": "openstack_networking_router_v2",
                    "depends_on": [],
                    "primary": {
                        "id": "600a4926-df7d-4a60-a18b-3ad7eb1a81c2",
                        "attributes": {
                            "admin_state_up": "true",
                            "distributed": "false",
                            "external_gateway": "6ea98324-0f14-49f6-97c0-885d1b8dc517",
                            "id": "600a4926-df7d-4a60-a18b-3ad7eb1a81c2",
                            "name": "router_2",
                            "region": "fr1",
                            "tenant_id": "54126a95359b4ad29eb8bac4d4f153c2"
                        },
                        "meta": {},
                        "tainted": false
                    },
                    "deposed": [],
                    "provider": ""
                },
                "openstack_networking_subnet_v2.subnet_2": {
                    "type": "openstack_networking_subnet_v2",
                    "depends_on": [
                        "openstack_networking_network_v2.network_1"
                    ],
                    "primary": {
                        "id": "6007cfb9-c401-4e4b-bfd0-c327712e041d",
                        "attributes": {
                            "allocation_pools.#": "1",
                            "allocation_pools.0.end": "192.168.0.254",
                            "allocation_pools.0.start": "192.168.0.2",
                            "cidr": "192.168.0.0/24",
                            "dns_nameservers.#": "0",
                            "enable_dhcp": "true",
                            "gateway_ip": "192.168.0.1",
                            "host_routes.#": "0",
                            "id": "6007cfb9-c401-4e4b-bfd0-c327712e041d",
                            "ip_version": "4",
                            "name": "subnet_2",
                            "network_id": "b6d0a27e-9f77-4a5f-a5bf-cf6aa4f8b607",
                            "region": "fr1",
                            "tenant_id": "54126a95359b4ad29eb8bac4d4f153c2"
                        },
                        "meta": {},
                        "tainted": false
                    },
                    "deposed": [],
                    "provider": ""
                }
            },
            "depends_on": []
        }
    ]
}
