{
    "version": 3,
    "terraform_version": "0.8.5",
    "serial": 209,
    "lineage": "3235f4ca-c82a-43c2-9333-4a353cf6c7da",
    "modules": [
        {
            "path": [
                "root"
            ],
            "outputs": {},
            "resources": {
                "null_resource.ansible-provision.0": {
                    "type": "null_resource",
                    "depends_on": [
                        "openstack_compute_instance_v2.vps",
                        "openstack_compute_instance_v2.vps"
                    ],
                    "primary": {
                        "id": "449913563097908624",
                        "attributes": {
                            "id": "449913563097908624",
                            "triggers.%": "1",
                            "triggers.cluster_instance_ids": "114e7872-3884-4989-91d4-6239e1345191,46191cd4-ed93-46ab-a33b-0a01637aa453,57dd27d7-ea71-4447-adef-88349be25809"
                        },
                        "meta": {},
                        "tainted": true
                    },
                    "deposed": [],
                    "provider": ""
                },
                "null_resource.ansible-provision.1": {
                    "type": "null_resource",
                    "depends_on": [
                        "openstack_compute_instance_v2.vps",
                        "openstack_compute_instance_v2.vps"
                    ],
                    "primary": {
                        "id": "930109589769052791",
                        "attributes": {
                            "id": "930109589769052791",
                            "triggers.%": "1",
                            "triggers.cluster_instance_ids": "114e7872-3884-4989-91d4-6239e1345191,46191cd4-ed93-46ab-a33b-0a01637aa453,57dd27d7-ea71-4447-adef-88349be25809"
                        },
                        "meta": {},
                        "tainted": true
                    },
                    "deposed": [],
                    "provider": ""
                },
                "null_resource.ansible-provision.2": {
                    "type": "null_resource",
                    "depends_on": [
                        "openstack_compute_instance_v2.vps",
                        "openstack_compute_instance_v2.vps"
                    ],
                    "primary": {
                        "id": "3467911202512981525",
                        "attributes": {
                            "id": "3467911202512981525",
                            "triggers.%": "1",
                            "triggers.cluster_instance_ids": "114e7872-3884-4989-91d4-6239e1345191,46191cd4-ed93-46ab-a33b-0a01637aa453,57dd27d7-ea71-4447-adef-88349be25809"
                        },
                        "meta": {},
                        "tainted": true
                    },
                    "deposed": [],
                    "provider": ""
                },
                "openstack_compute_instance_v2.test-network": {
                    "type": "openstack_compute_instance_v2",
                    "depends_on": [
                        "openstack_compute_keypair_v2.my_keypair",
                        "openstack_compute_secgroup_v2.terraform",
                        "openstack_networking_network_v2.network_1"
                    ],
                    "primary": {
                        "id": "4d19370a-931e-435b-b794-412533380f78",
                        "attributes": {
                            "access_ip_v4": "84.39.49.19",
                            "access_ip_v6": "",
                            "flavor_id": "16",
                            "flavor_name": "t1.cw.tiny",
                            "floating_ip": "84.39.49.19",
                            "id": "4d19370a-931e-435b-b794-412533380f78",
                            "image_id": "185e1975-c9c5-4358-909e-5e329808902e",
                            "image_name": "Debian Jessie",
                            "key_pair": "my_keypair",
                            "metadata.%": "0",
                            "name": "test-network",
                            "network.#": "1",
                            "network.0.access_network": "false",
                            "network.0.fixed_ip_v4": "192.168.0.2",
                            "network.0.fixed_ip_v6": "",
                            "network.0.floating_ip": "84.39.49.19",
                            "network.0.mac": "02:c4:05:1a:53:8b",
                            "network.0.name": "resTerraform",
                            "network.0.port": "",
                            "network.0.uuid": "abfcb946-61f5-4f13-bbb6-71e87d2da24c",
                            "region": "fr1",
                            "security_groups.#": "1",
                            "security_groups.969816526": "terraform",
                            "stop_before_destroy": "false",
                            "volume.#": "0"
                        },
                        "meta": {},
                        "tainted": false
                    },
                    "deposed": [],
                    "provider": ""
                },
                "openstack_compute_instance_v2.vps.0": {
                    "type": "openstack_compute_instance_v2",
                    "depends_on": [
                        "openstack_compute_keypair_v2.my_keypair",
                        "openstack_compute_secgroup_v2.terraform",
                        "openstack_networking_network_v2.network_1"
                    ],
                    "primary": {
                        "id": "114e7872-3884-4989-91d4-6239e1345191",
                        "attributes": {
                            "access_ip_v4": "84.39.46.157",
                            "access_ip_v6": "",
                            "flavor_id": "16",
                            "flavor_name": "t1.cw.tiny",
                            "floating_ip": "84.39.46.157",
                            "id": "114e7872-3884-4989-91d4-6239e1345191",
                            "image_id": "185e1975-c9c5-4358-909e-5e329808902e",
                            "image_name": "Debian Jessie",
                            "key_pair": "my_keypair",
                            "metadata.%": "0",
                            "name": "vps-test-1",
                            "network.#": "1",
                            "network.0.access_network": "false",
                            "network.0.fixed_ip_v4": "192.168.0.11",
                            "network.0.fixed_ip_v6": "",
                            "network.0.floating_ip": "84.39.46.157",
                            "network.0.mac": "02:44:bf:4a:8d:1b",
                            "network.0.name": "resTerraform",
                            "network.0.port": "",
                            "network.0.uuid": "abfcb946-61f5-4f13-bbb6-71e87d2da24c",
                            "region": "fr1",
                            "security_groups.#": "1",
                            "security_groups.969816526": "terraform",
                            "stop_before_destroy": "false",
                            "volume.#": "0"
                        },
                        "meta": {},
                        "tainted": false
                    },
                    "deposed": [],
                    "provider": ""
                },
                "openstack_compute_instance_v2.vps.1": {
                    "type": "openstack_compute_instance_v2",
                    "depends_on": [
                        "openstack_compute_keypair_v2.my_keypair",
                        "openstack_compute_secgroup_v2.terraform",
                        "openstack_networking_network_v2.network_1"
                    ],
                    "primary": {
                        "id": "46191cd4-ed93-46ab-a33b-0a01637aa453",
                        "attributes": {
                            "access_ip_v4": "84.39.44.165",
                            "access_ip_v6": "",
                            "flavor_id": "16",
                            "flavor_name": "t1.cw.tiny",
                            "floating_ip": "84.39.44.165",
                            "id": "46191cd4-ed93-46ab-a33b-0a01637aa453",
                            "image_id": "185e1975-c9c5-4358-909e-5e329808902e",
                            "image_name": "Debian Jessie",
                            "key_pair": "my_keypair",
                            "metadata.%": "0",
                            "name": "vps-test-2",
                            "network.#": "1",
                            "network.0.access_network": "false",
                            "network.0.fixed_ip_v4": "192.168.0.12",
                            "network.0.fixed_ip_v6": "",
                            "network.0.floating_ip": "84.39.44.165",
                            "network.0.mac": "02:d5:4e:de:cb:45",
                            "network.0.name": "resTerraform",
                            "network.0.port": "",
                            "network.0.uuid": "abfcb946-61f5-4f13-bbb6-71e87d2da24c",
                            "region": "fr1",
                            "security_groups.#": "1",
                            "security_groups.969816526": "terraform",
                            "stop_before_destroy": "false",
                            "volume.#": "0"
                        },
                        "meta": {},
                        "tainted": false
                    },
                    "deposed": [],
                    "provider": ""
                },
                "openstack_compute_instance_v2.vps.2": {
                    "type": "openstack_compute_instance_v2",
                    "depends_on": [
                        "openstack_compute_keypair_v2.my_keypair",
                        "openstack_compute_secgroup_v2.terraform",
                        "openstack_networking_network_v2.network_1"
                    ],
                    "primary": {
                        "id": "57dd27d7-ea71-4447-adef-88349be25809",
                        "attributes": {
                            "access_ip_v4": "84.39.41.206",
                            "access_ip_v6": "",
                            "flavor_id": "16",
                            "flavor_name": "t1.cw.tiny",
                            "floating_ip": "84.39.41.206",
                            "id": "57dd27d7-ea71-4447-adef-88349be25809",
                            "image_id": "185e1975-c9c5-4358-909e-5e329808902e",
                            "image_name": "Debian Jessie",
                            "key_pair": "my_keypair",
                            "metadata.%": "0",
                            "name": "vps-test-3",
                            "network.#": "1",
                            "network.0.access_network": "false",
                            "network.0.fixed_ip_v4": "192.168.0.13",
                            "network.0.fixed_ip_v6": "",
                            "network.0.floating_ip": "84.39.41.206",
                            "network.0.mac": "02:ec:fc:a7:c9:fb",
                            "network.0.name": "resTerraform",
                            "network.0.port": "",
                            "network.0.uuid": "abfcb946-61f5-4f13-bbb6-71e87d2da24c",
                            "region": "fr1",
                            "security_groups.#": "1",
                            "security_groups.969816526": "terraform",
                            "stop_before_destroy": "false",
                            "volume.#": "0"
                        },
                        "meta": {},
                        "tainted": false
                    },
                    "deposed": [],
                    "provider": ""
                },
                "openstack_compute_keypair_v2.my_keypair": {
                    "type": "openstack_compute_keypair_v2",
                    "depends_on": [],
                    "primary": {
                        "id": "my_keypair",
                        "attributes": {
                            "id": "my_keypair",
                            "name": "my_keypair",
                            "public_key": "ssh-rsa AAAAB3NzaC1yc2EAAAADAQABAAABAQCoj+AJej+p324R08l8Y7trRweM+2OlmvGHIJNW6U7VWDS0jSFr3QJJQsBIJ1KLCxIP0alveWNqUMz4xbUBof8Ai8ULelN5Gk64EsRmkH2BncxsKkoraVYr0hBom+k6d7jyONZLYohtKrGyIRC5h2RfwypCDJkAjV10XpJWOsJCJkPPl+8vuLNRdyPQqx6iBiy7mwDDuF6oNW7CZK3HPe2n9geZSTtjE18FNvHvCTOITVWSnGdSPy2e89ahemM0B3ROoaogn76Xw0BeNrhUfywXyA4GaS4F1Y28uduvXIO8QRaIiIWRjhPH83wswjnPnDciPEg7/uAa/yZSy1SXFU5V",
                            "region": "fr1"
                        },
                        "meta": {},
                        "tainted": false
                    },
                    "deposed": [],
                    "provider": ""
                },
                "openstack_compute_secgroup_v2.terraform": {
                    "type": "openstack_compute_secgroup_v2",
                    "depends_on": [],
                    "primary": {
                        "id": "7d7e637d-4b0e-4650-9b72-899911350457",
                        "attributes": {
                            "description": "security group",
                            "id": "7d7e637d-4b0e-4650-9b72-899911350457",
                            "name": "terraform",
                            "region": "fr1",
                            "rule.#": "1",
                            "rule.836640770.cidr": "0.0.0.0/0",
                            "rule.836640770.from_group_id": "",
                            "rule.836640770.from_port": "22",
                            "rule.836640770.id": "8afb0665-00e3-4d67-8375-9aa45911b5fd",
                            "rule.836640770.ip_protocol": "tcp",
                            "rule.836640770.self": "false",
                            "rule.836640770.to_port": "22"
                        },
                        "meta": {},
                        "tainted": false
                    },
                    "deposed": [],
                    "provider": ""
                },
                "openstack_networking_network_v2.network_1": {
                    "type": "openstack_networking_network_v2",
                    "depends_on": [],
                    "primary": {
                        "id": "abfcb946-61f5-4f13-bbb6-71e87d2da24c",
                        "attributes": {
                            "admin_state_up": "true",
                            "id": "abfcb946-61f5-4f13-bbb6-71e87d2da24c",
                            "name": "resTerraform",
                            "region": "fr1",
                            "shared": "false",
                            "tenant_id": "54126a95359b4ad29eb8bac4d4f153c2"
                        },
                        "meta": {},
                        "tainted": false
                    },
                    "deposed": [],
                    "provider": ""
                },
                "openstack_networking_port_v2.port_1": {
                    "type": "openstack_networking_port_v2",
                    "depends_on": [
                        "openstack_networking_network_v2.network_1"
                    ],
                    "primary": {
                        "id": "9b589295-6755-4b71-af5b-1003bcb54a5a",
                        "attributes": {
                            "admin_state_up": "true",
                            "allowed_address_pairs.#": "0",
                            "device_id": "",
                            "device_owner": "",
                            "fixed_ip.#": "0",
                            "id": "9b589295-6755-4b71-af5b-1003bcb54a5a",
                            "mac_address": "02:9b:58:92:95:67",
                            "name": "port_1",
                            "network_id": "abfcb946-61f5-4f13-bbb6-71e87d2da24c",
                            "region": "fr1",
                            "security_group_ids.#": "1",
                            "security_group_ids.35955381": "9149adde-c0cf-438e-b773-9e89b20aaec1",
                            "tenant_id": "54126a95359b4ad29eb8bac4d4f153c2"
                        },
                        "meta": {},
                        "tainted": false
                    },
                    "deposed": [],
                    "provider": ""
                },
                "openstack_networking_router_interface_v2.int_1": {
                    "type": "openstack_networking_router_interface_v2",
                    "depends_on": [
                        "openstack_networking_router_v2.router_1",
                        "openstack_networking_subnet_v2.subnet_2"
                    ],
                    "primary": {
                        "id": "de5a94e3-a793-421d-b70a-7f96776a2f1a",
                        "attributes": {
                            "id": "de5a94e3-a793-421d-b70a-7f96776a2f1a",
                            "region": "fr1",
                            "router_id": "43ebbb74-af86-441e-a54c-756f34d5e770",
                            "subnet_id": "fa65d71f-f1d2-459e-a0ba-6718e0904b64"
                        },
                        "meta": {},
                        "tainted": false
                    },
                    "deposed": [],
                    "provider": ""
                },
                "openstack_networking_router_v2.router_1": {
                    "type": "openstack_networking_router_v2",
                    "depends_on": [],
                    "primary": {
                        "id": "43ebbb74-af86-441e-a54c-756f34d5e770",
                        "attributes": {
                            "admin_state_up": "true",
                            "distributed": "false",
                            "external_gateway": "6ea98324-0f14-49f6-97c0-885d1b8dc517",
                            "id": "43ebbb74-af86-441e-a54c-756f34d5e770",
                            "name": "routerTerraform",
                            "region": "fr1",
                            "tenant_id": "54126a95359b4ad29eb8bac4d4f153c2"
                        },
                        "meta": {},
                        "tainted": false
                    },
                    "deposed": [],
                    "provider": ""
                },
                "openstack_networking_subnet_v2.subnet_2": {
                    "type": "openstack_networking_subnet_v2",
                    "depends_on": [
                        "openstack_networking_network_v2.network_1"
                    ],
                    "primary": {
                        "id": "fa65d71f-f1d2-459e-a0ba-6718e0904b64",
                        "attributes": {
                            "allocation_pools.#": "1",
                            "allocation_pools.0.end": "192.168.0.254",
                            "allocation_pools.0.start": "192.168.0.2",
                            "cidr": "192.168.0.0/24",
                            "dns_nameservers.#": "0",
                            "enable_dhcp": "true",
                            "gateway_ip": "192.168.0.1",
                            "host_routes.#": "0",
                            "id": "fa65d71f-f1d2-459e-a0ba-6718e0904b64",
                            "ip_version": "4",
                            "name": "SousRes_2",
                            "network_id": "abfcb946-61f5-4f13-bbb6-71e87d2da24c",
                            "region": "fr1",
                            "tenant_id": "54126a95359b4ad29eb8bac4d4f153c2"
                        },
                        "meta": {},
                        "tainted": false
                    },
                    "deposed": [],
                    "provider": ""
                }
            },
            "depends_on": []
        }
    ]
}
