{
    "version": 3,
    "terraform_version": "0.8.5",
    "serial": 0,
    "lineage": "b0ab8f1a-9208-42b9-b473-2a3c5c6008eb",
    "modules": [
        {
            "path": [
                "root"
            ],
            "outputs": {},
            "resources": {
                "openstack_compute_secgroup_v2.terraform": {
                    "type": "openstack_compute_secgroup_v2",
                    "depends_on": [],
                    "primary": {
                        "id": "318a1ae0-c5c7-4d8c-884b-81131f7e1f09",
                        "attributes": {
                            "description": "security group",
                            "id": "318a1ae0-c5c7-4d8c-884b-81131f7e1f09",
                            "name": "terraform",
                            "region": "fr1",
                            "rule.#": "1",
                            "rule.836640770.cidr": "0.0.0.0/0",
                            "rule.836640770.from_group_id": "",
                            "rule.836640770.from_port": "22",
                            "rule.836640770.id": "5d4feeb0-4462-42a6-bf24-1d43e1dec644",
                            "rule.836640770.ip_protocol": "tcp",
                            "rule.836640770.self": "false",
                            "rule.836640770.to_port": "22"
                        },
                        "meta": {},
                        "tainted": false
                    },
                    "deposed": [],
                    "provider": ""
                }
            },
            "depends_on": []
        }
    ]
}
