{
    "version": 3,
    "terraform_version": "0.8.5",
    "serial": 76,
    "lineage": "b0ab8f1a-9208-42b9-b473-2a3c5c6008eb",
    "modules": [
        {
            "path": [
                "root"
            ],
            "outputs": {},
            "resources": {
                "openstack_compute_floatingip_v2.terraform.0": {
                    "type": "openstack_compute_floatingip_v2",
                    "depends_on": [],
                    "primary": {
                        "id": "e042a1eb-fbf5-4120-ac9b-aba1fb3bc0f1",
                        "attributes": {
                            "address": "84.39.49.18",
                            "fixed_ip": "",
                            "id": "e042a1eb-fbf5-4120-ac9b-aba1fb3bc0f1",
                            "instance_id": "",
                            "pool": "public",
                            "region": "fr1"
                        },
                        "meta": {},
                        "tainted": false
                    },
                    "deposed": [],
                    "provider": ""
                },
                "openstack_compute_floatingip_v2.terraform.1": {
                    "type": "openstack_compute_floatingip_v2",
                    "depends_on": [],
                    "primary": {
                        "id": "edb65334-6af4-4bf3-82aa-8730333ab6d8",
                        "attributes": {
                            "address": "84.39.48.240",
                            "fixed_ip": "",
                            "id": "edb65334-6af4-4bf3-82aa-8730333ab6d8",
                            "instance_id": "",
                            "pool": "public",
                            "region": "fr1"
                        },
                        "meta": {},
                        "tainted": false
                    },
                    "deposed": [],
                    "provider": ""
                },
                "openstack_compute_floatingip_v2.terraform.2": {
                    "type": "openstack_compute_floatingip_v2",
                    "depends_on": [],
                    "primary": {
                        "id": "afd0b215-3f36-4ebf-bf56-84e1ce36625e",
                        "attributes": {
                            "address": "84.39.48.234",
                            "fixed_ip": "",
                            "id": "afd0b215-3f36-4ebf-bf56-84e1ce36625e",
                            "instance_id": "",
                            "pool": "public",
                            "region": "fr1"
                        },
                        "meta": {},
                        "tainted": false
                    },
                    "deposed": [],
                    "provider": ""
                },
                "openstack_compute_floatingip_v2.terraform.3": {
                    "type": "openstack_compute_floatingip_v2",
                    "depends_on": [],
                    "primary": {
                        "id": "66742ce0-7998-4ab5-a822-9d3a0c7d456b",
                        "attributes": {
                            "address": "84.39.49.19",
                            "fixed_ip": "",
                            "id": "66742ce0-7998-4ab5-a822-9d3a0c7d456b",
                            "instance_id": "",
                            "pool": "public",
                            "region": "fr1"
                        },
                        "meta": {},
                        "tainted": false
                    },
                    "deposed": [],
                    "provider": ""
                },
                "openstack_compute_instance_v2.test-network": {
                    "type": "openstack_compute_instance_v2",
                    "depends_on": [
                        "openstack_compute_floatingip_v2.terraform",
                        "openstack_compute_keypair_v2.my_keypair",
                        "openstack_compute_secgroup_v2.terraform",
                        "openstack_networking_network_v2.network_1"
                    ],
                    "primary": {
                        "id": "09b9783a-b7e4-45eb-9589-168829402b62",
                        "attributes": {
                            "access_ip_v4": "84.39.49.18",
                            "access_ip_v6": "",
                            "flavor_id": "16",
                            "flavor_name": "t1.cw.tiny",
                            "floating_ip": "84.39.49.18",
                            "id": "09b9783a-b7e4-45eb-9589-168829402b62",
                            "image_id": "185e1975-c9c5-4358-909e-5e329808902e",
                            "image_name": "Debian Jessie",
                            "key_pair": "my_keypair",
                            "metadata.%": "0",
                            "name": "test-network",
                            "network.#": "1",
                            "network.0.access_network": "false",
                            "network.0.fixed_ip_v4": "192.168.0.2",
                            "network.0.fixed_ip_v6": "",
                            "network.0.floating_ip": "84.39.49.18",
                            "network.0.mac": "02:d6:be:70:69:a9",
                            "network.0.name": "resTerraform",
                            "network.0.port": "",
                            "network.0.uuid": "dfe752e5-eb50-4f38-8adc-53a95f7dc260",
                            "region": "fr1",
                            "security_groups.#": "1",
                            "security_groups.969816526": "terraform",
                            "stop_before_destroy": "false",
                            "volume.#": "0"
                        },
                        "meta": {},
                        "tainted": false
                    },
                    "deposed": [],
                    "provider": ""
                },
                "openstack_compute_instance_v2.vps.0": {
                    "type": "openstack_compute_instance_v2",
                    "depends_on": [
                        "openstack_compute_floatingip_v2.terraform",
                        "openstack_compute_keypair_v2.my_keypair",
                        "openstack_compute_secgroup_v2.terraform",
                        "openstack_networking_network_v2.network_1"
                    ],
                    "primary": {
                        "id": "fc1a73f6-537c-4e2b-a438-267b432cb483",
                        "attributes": {
                            "access_ip_v4": "84.39.48.240",
                            "access_ip_v6": "",
                            "flavor_id": "16",
                            "flavor_name": "t1.cw.tiny",
                            "floating_ip": "84.39.48.240",
                            "id": "fc1a73f6-537c-4e2b-a438-267b432cb483",
                            "image_id": "185e1975-c9c5-4358-909e-5e329808902e",
                            "image_name": "Debian Jessie",
                            "key_pair": "my_keypair",
                            "metadata.%": "0",
                            "name": "vps-test-1",
                            "network.#": "1",
                            "network.0.access_network": "false",
                            "network.0.fixed_ip_v4": "192.168.0.11",
                            "network.0.fixed_ip_v6": "",
                            "network.0.floating_ip": "84.39.48.240",
                            "network.0.mac": "02:e4:5d:76:28:3a",
                            "network.0.name": "resTerraform",
                            "network.0.port": "",
                            "network.0.uuid": "dfe752e5-eb50-4f38-8adc-53a95f7dc260",
                            "region": "fr1",
                            "security_groups.#": "1",
                            "security_groups.969816526": "terraform",
                            "stop_before_destroy": "false",
                            "volume.#": "0"
                        },
                        "meta": {},
                        "tainted": true
                    },
                    "deposed": [],
                    "provider": ""
                },
                "openstack_compute_instance_v2.vps.1": {
                    "type": "openstack_compute_instance_v2",
                    "depends_on": [
                        "openstack_compute_floatingip_v2.terraform",
                        "openstack_compute_keypair_v2.my_keypair",
                        "openstack_compute_secgroup_v2.terraform",
                        "openstack_networking_network_v2.network_1"
                    ],
                    "primary": {
                        "id": "a32ae7ab-b5ec-4dfd-8887-4cfe317d2318",
                        "attributes": {
                            "access_ip_v4": "84.39.48.234",
                            "access_ip_v6": "",
                            "flavor_id": "16",
                            "flavor_name": "t1.cw.tiny",
                            "floating_ip": "84.39.48.234",
                            "id": "a32ae7ab-b5ec-4dfd-8887-4cfe317d2318",
                            "image_id": "185e1975-c9c5-4358-909e-5e329808902e",
                            "image_name": "Debian Jessie",
                            "key_pair": "my_keypair",
                            "metadata.%": "0",
                            "name": "vps-test-2",
                            "network.#": "1",
                            "network.0.access_network": "false",
                            "network.0.fixed_ip_v4": "192.168.0.12",
                            "network.0.fixed_ip_v6": "",
                            "network.0.floating_ip": "84.39.48.234",
                            "network.0.mac": "02:69:f4:5a:35:11",
                            "network.0.name": "resTerraform",
                            "network.0.port": "",
                            "network.0.uuid": "dfe752e5-eb50-4f38-8adc-53a95f7dc260",
                            "region": "fr1",
                            "security_groups.#": "1",
                            "security_groups.969816526": "terraform",
                            "stop_before_destroy": "false",
                            "volume.#": "0"
                        },
                        "meta": {},
                        "tainted": true
                    },
                    "deposed": [],
                    "provider": ""
                },
                "openstack_compute_instance_v2.vps.2": {
                    "type": "openstack_compute_instance_v2",
                    "depends_on": [
                        "openstack_compute_floatingip_v2.terraform",
                        "openstack_compute_keypair_v2.my_keypair",
                        "openstack_compute_secgroup_v2.terraform",
                        "openstack_networking_network_v2.network_1"
                    ],
                    "primary": {
                        "id": "a0263d26-24ba-47d4-a0e2-ecbaef30ba2b",
                        "attributes": {
                            "access_ip_v4": "84.39.49.19",
                            "access_ip_v6": "",
                            "flavor_id": "16",
                            "flavor_name": "t1.cw.tiny",
                            "floating_ip": "84.39.49.19",
                            "id": "a0263d26-24ba-47d4-a0e2-ecbaef30ba2b",
                            "image_id": "185e1975-c9c5-4358-909e-5e329808902e",
                            "image_name": "Debian Jessie",
                            "key_pair": "my_keypair",
                            "metadata.%": "0",
                            "name": "vps-test-3",
                            "network.#": "1",
                            "network.0.access_network": "false",
                            "network.0.fixed_ip_v4": "192.168.0.13",
                            "network.0.fixed_ip_v6": "",
                            "network.0.floating_ip": "84.39.49.19",
                            "network.0.mac": "02:01:d6:fc:af:b0",
                            "network.0.name": "resTerraform",
                            "network.0.port": "",
                            "network.0.uuid": "dfe752e5-eb50-4f38-8adc-53a95f7dc260",
                            "region": "fr1",
                            "security_groups.#": "1",
                            "security_groups.969816526": "terraform",
                            "stop_before_destroy": "false",
                            "volume.#": "0"
                        },
                        "meta": {},
                        "tainted": true
                    },
                    "deposed": [],
                    "provider": ""
                },
                "openstack_compute_keypair_v2.my_keypair": {
                    "type": "openstack_compute_keypair_v2",
                    "depends_on": [],
                    "primary": {
                        "id": "my_keypair",
                        "attributes": {
                            "id": "my_keypair",
                            "name": "my_keypair",
                            "public_key": "ssh-rsa AAAAB3NzaC1yc2EAAAADAQABAAABAQDqh9BKcl7DBGgSiBqy6OLZ3H5wpsENKYXi84dcotWZ1RvDAju8F7FhUr13nwPzVXC7xtwxIM5qV+7haU8HFaP7gDpITZ3Pf8Kp5twRg5ChkVufYEDvEGrMnFv+YjOLty3m8ZSFIvL/zA4HgRzDPNf4AFyL/g1H0OaYDSOf3RFVa4hS9GN5mp9bDPUOjjaribC4pz+Ylf/lp0PeO7DRBbE6iKqcZRfS4c2aD9tyXoJLveejfeVMYzHlzPieW9Iikt0Twb9RzQ/OPAHn64hUSHzERSlePwr0fI/4FS9oqeQYyG8CxMqqFt5rc5iNMUfiHScl2J4dT53xxMrnDT4rPuI7",
                            "region": "fr1"
                        },
                        "meta": {},
                        "tainted": false
                    },
                    "deposed": [],
                    "provider": ""
                },
                "openstack_compute_secgroup_v2.terraform": {
                    "type": "openstack_compute_secgroup_v2",
                    "depends_on": [],
                    "primary": {
                        "id": "bb4ea330-f7f3-4766-a06f-b771d97717d8",
                        "attributes": {
                            "description": "security group",
                            "id": "bb4ea330-f7f3-4766-a06f-b771d97717d8",
                            "name": "terraform",
                            "region": "fr1",
                            "rule.#": "1",
                            "rule.836640770.cidr": "0.0.0.0/0",
                            "rule.836640770.from_group_id": "",
                            "rule.836640770.from_port": "22",
                            "rule.836640770.id": "cdbc75e7-2b72-49e6-b067-ce325d1a1d3d",
                            "rule.836640770.ip_protocol": "tcp",
                            "rule.836640770.self": "false",
                            "rule.836640770.to_port": "22"
                        },
                        "meta": {},
                        "tainted": false
                    },
                    "deposed": [],
                    "provider": ""
                },
                "openstack_networking_network_v2.network_1": {
                    "type": "openstack_networking_network_v2",
                    "depends_on": [],
                    "primary": {
                        "id": "dfe752e5-eb50-4f38-8adc-53a95f7dc260",
                        "attributes": {
                            "admin_state_up": "true",
                            "id": "dfe752e5-eb50-4f38-8adc-53a95f7dc260",
                            "name": "resTerraform",
                            "region": "fr1",
                            "shared": "false",
                            "tenant_id": "54126a95359b4ad29eb8bac4d4f153c2"
                        },
                        "meta": {},
                        "tainted": false
                    },
                    "deposed": [],
                    "provider": ""
                },
                "openstack_networking_port_v2.port_1": {
                    "type": "openstack_networking_port_v2",
                    "depends_on": [
                        "openstack_networking_network_v2.network_1"
                    ],
                    "primary": {
                        "id": "db8b20fc-d05d-4b46-97ed-46efead4f2e5",
                        "attributes": {
                            "admin_state_up": "true",
                            "allowed_address_pairs.#": "0",
                            "device_id": "",
                            "device_owner": "",
                            "fixed_ip.#": "0",
                            "id": "db8b20fc-d05d-4b46-97ed-46efead4f2e5",
                            "mac_address": "02:db:8b:20:fc:d0",
                            "name": "port_1",
                            "network_id": "dfe752e5-eb50-4f38-8adc-53a95f7dc260",
                            "region": "fr1",
                            "security_group_ids.#": "1",
                            "security_group_ids.35955381": "9149adde-c0cf-438e-b773-9e89b20aaec1",
                            "tenant_id": "54126a95359b4ad29eb8bac4d4f153c2"
                        },
                        "meta": {},
                        "tainted": false
                    },
                    "deposed": [],
                    "provider": ""
                },
                "openstack_networking_router_interface_v2.int_1": {
                    "type": "openstack_networking_router_interface_v2",
                    "depends_on": [
                        "openstack_networking_router_v2.router_1",
                        "openstack_networking_subnet_v2.subnet_2"
                    ],
                    "primary": {
                        "id": "b868ef56-1331-4b31-873c-4c1da52fdc3e",
                        "attributes": {
                            "id": "b868ef56-1331-4b31-873c-4c1da52fdc3e",
                            "region": "fr1",
                            "router_id": "521982b7-a5c7-498d-9a68-ec65350b6c8f",
                            "subnet_id": "7d3014e4-e476-4c22-8d41-791dea2c0e99"
                        },
                        "meta": {},
                        "tainted": false
                    },
                    "deposed": [],
                    "provider": ""
                },
                "openstack_networking_router_v2.router_1": {
                    "type": "openstack_networking_router_v2",
                    "depends_on": [],
                    "primary": {
                        "id": "521982b7-a5c7-498d-9a68-ec65350b6c8f",
                        "attributes": {
                            "admin_state_up": "true",
                            "distributed": "false",
                            "external_gateway": "6ea98324-0f14-49f6-97c0-885d1b8dc517",
                            "id": "521982b7-a5c7-498d-9a68-ec65350b6c8f",
                            "name": "routerTerraform",
                            "region": "fr1",
                            "tenant_id": "54126a95359b4ad29eb8bac4d4f153c2"
                        },
                        "meta": {},
                        "tainted": false
                    },
                    "deposed": [],
                    "provider": ""
                },
                "openstack_networking_subnet_v2.subnet_2": {
                    "type": "openstack_networking_subnet_v2",
                    "depends_on": [
                        "openstack_networking_network_v2.network_1"
                    ],
                    "primary": {
                        "id": "7d3014e4-e476-4c22-8d41-791dea2c0e99",
                        "attributes": {
                            "allocation_pools.#": "1",
                            "allocation_pools.0.end": "192.168.0.254",
                            "allocation_pools.0.start": "192.168.0.2",
                            "cidr": "192.168.0.0/24",
                            "dns_nameservers.#": "0",
                            "enable_dhcp": "true",
                            "gateway_ip": "192.168.0.1",
                            "host_routes.#": "0",
                            "id": "7d3014e4-e476-4c22-8d41-791dea2c0e99",
                            "ip_version": "4",
                            "name": "SousRes_2",
                            "network_id": "dfe752e5-eb50-4f38-8adc-53a95f7dc260",
                            "region": "fr1",
                            "tenant_id": "54126a95359b4ad29eb8bac4d4f153c2"
                        },
                        "meta": {},
                        "tainted": false
                    },
                    "deposed": [],
                    "provider": ""
                }
            },
            "depends_on": []
        }
    ]
}
