{
    "version": 3,
    "terraform_version": "0.8.5",
    "serial": 1,
    "lineage": "55ae4015-95da-4e67-9c97-51872e53fc73",
    "modules": [
        {
            "path": [
                "root"
            ],
            "outputs": {},
            "resources": {
                "openstack_blockstorage_volume_v1.myvol": {
                    "type": "openstack_blockstorage_volume_v1",
                    "depends_on": [],
                    "primary": {
                        "id": "b124fabc-a3b5-47fe-b5d2-98d8fd2438b1",
                        "attributes": {
                            "attachment.#": "0",
                            "availability_zone": "prd1",
                            "description": "",
                            "id": "b124fabc-a3b5-47fe-b5d2-98d8fd2438b1",
                            "metadata.%": "0",
                            "name": "myvol",
                            "region": "fr1",
                            "size": "1",
                            "snapshot_id": "",
                            "source_vol_id": "",
                            "volume_type": "standard"
                        },
                        "meta": {},
                        "tainted": false
                    },
                    "deposed": [],
                    "provider": ""
                }
            },
            "depends_on": []
        }
    ]
}
