{
    "version": 3,
    "terraform_version": "0.8.5",
    "serial": 5,
    "lineage": "55ae4015-95da-4e67-9c97-51872e53fc73",
    "modules": [
        {
            "path": [
                "root"
            ],
            "outputs": {},
            "resources": {
                "openstack_blockstorage_volume_v1.myvol": {
                    "type": "openstack_blockstorage_volume_v1",
                    "depends_on": [],
                    "primary": {
                        "id": "b124fabc-a3b5-47fe-b5d2-98d8fd2438b1",
                        "attributes": {
                            "attachment.#": "0",
                            "availability_zone": "prd1",
                            "description": "",
                            "id": "b124fabc-a3b5-47fe-b5d2-98d8fd2438b1",
                            "metadata.%": "1",
                            "metadata.readonly": "False",
                            "name": "myvol",
                            "region": "fr1",
                            "size": "1",
                            "snapshot_id": "",
                            "source_vol_id": "",
                            "volume_type": "standard"
                        },
                        "meta": {},
                        "tainted": false
                    },
                    "deposed": [],
                    "provider": ""
                },
                "openstack_compute_instance_v2.volume-attached": {
                    "type": "openstack_compute_instance_v2",
                    "depends_on": [
                        "openstack_blockstorage_volume_v1.myvol",
                        "openstack_compute_keypair_v2.my_keypair"
                    ],
                    "primary": {
                        "id": "f8016c07-f07e-47f4-aa7a-d7d187955aca",
                        "attributes": {
                            "access_ip_v4": "192.168.0.4",
                            "access_ip_v6": "",
                            "flavor_id": "16",
                            "flavor_name": "t1.cw.tiny",
                            "id": "f8016c07-f07e-47f4-aa7a-d7d187955aca",
                            "image_id": "185e1975-c9c5-4358-909e-5e329808902e",
                            "image_name": "Debian Jessie",
                            "key_pair": "my_keypair",
                            "metadata.%": "0",
                            "name": "volume-attached",
                            "network.#": "1",
                            "network.0.access_network": "false",
                            "network.0.fixed_ip_v4": "192.168.0.4",
                            "network.0.fixed_ip_v6": "",
                            "network.0.floating_ip": "",
                            "network.0.mac": "02:14:67:3b:3f:d2",
                            "network.0.name": "terraform",
                            "network.0.port": "",
                            "network.0.uuid": "bbac9bf3-8a9d-47b9-8222-4929cb5a701c",
                            "region": "fr1",
                            "security_groups.#": "1",
                            "security_groups.3814588639": "default",
                            "stop_before_destroy": "false",
                            "volume.#": "1",
                            "volume.3434786542.device": "/dev/vdb",
                            "volume.3434786542.id": "b124fabc-a3b5-47fe-b5d2-98d8fd2438b1",
                            "volume.3434786542.volume_id": "b124fabc-a3b5-47fe-b5d2-98d8fd2438b1"
                        },
                        "meta": {},
                        "tainted": false
                    },
                    "deposed": [],
                    "provider": ""
                },
                "openstack_compute_keypair_v2.my_keypair": {
                    "type": "openstack_compute_keypair_v2",
                    "depends_on": [],
                    "primary": {
                        "id": "my_keypair",
                        "attributes": {
                            "id": "my_keypair",
                            "name": "my_keypair",
                            "public_key": "ssh-rsa AAAAB3NzaC1yc2EAAAADAQABAAABAQDnwewblveW+2p18OJne6xPaT9BwrLSz5TWbI0TcQdXyNy0D2rAKmF4GyPWP+eeo5j1WxnOM+ZK2h729w64EuiqR1H7HFvKLcSAOpc8+8xYJ7cVYmTTx0oZNgkzuluCjOYNIBtpEjzgwg5wMz8MSGWKuGKlto1o+Fx5h1FI2MKbP7jemElqOToC2c3Gz+IXVm3VR8LXNrPT1vo/DqUKJALCcsx4NYAFExUckHVBq21h6+jwpv+RwX1v+S/sHyl3U+soLrg061u2hIqvbf/mSlGyX1QwIbnZm30FKinPvgl+FhHjr33SI9VoZl2bvUkSNMooP5M/yQXKadH4Tp3zuP/b valentin@Valentin",
                            "region": "fr1"
                        },
                        "meta": {},
                        "tainted": false
                    },
                    "deposed": [],
                    "provider": ""
                }
            },
            "depends_on": []
        }
    ]
}
